
Microsoft Visual Studio Solution File, Format Version 12.00
# Visual Studio Version 16
VisualStudioVersion = 16.0.32126.315
MinimumVisualStudioVersion = 10.0.40219.1
Project("{FAE04EC0-301F-11D3-BF4B-00C04F79EFBC}") = "WindowsFormsApp1_1", "WindowsFormsApp1_1.csproj", "{AD9C284A-AA2A-4D51-AB2C-341B924B502D}"
EndProject
Global
	GlobalSection(SolutionConfigurationPlatforms) = preSolution
		Debug|Any CPU = Debug|Any CPU
		Release|Any CPU = Release|Any CPU
	EndGlobalSection
	GlobalSection(ProjectConfigurationPlatforms) = postSolution
		{AD9C284A-AA2A-4D51-AB2C-341B924B502D}.Debug|Any CPU.ActiveCfg = Debug|Any CPU
		{AD9C284A-AA2A-4D51-AB2C-341B924B502D}.Debug|Any CPU.Build.0 = Debug|Any CPU
		{AD9C284A-AA2A-4D51-AB2C-341B924B502D}.Release|Any CPU.ActiveCfg = Release|Any CPU
		{AD9C284A-AA2A-4D51-AB2C-341B924B502D}.Release|Any CPU.Build.0 = Release|Any CPU
	EndGlobalSection
	GlobalSection(SolutionProperties) = preSolution
		HideSolutionNode = FALSE
	EndGlobalSection
	GlobalSection(ExtensibilityGlobals) = postSolution
		SolutionGuid = {450A9735-7C01-48F1-ACD9-4931BFF8A08E}
	EndGlobalSection
EndGlobal
