
Microsoft Visual Studio Solution File, Format Version 12.00
# Visual Studio Version 16
VisualStudioVersion = 16.0.34114.132
MinimumVisualStudioVersion = 10.0.40219.1
Project("{FAE04EC0-301F-11D3-BF4B-00C04F79EFBC}") = "OSK1", "OSK1\OSK1.csproj", "{93C73459-8C0E-4FD3-9672-78EA51D5F378}"
EndProject
Global
	GlobalSection(SolutionConfigurationPlatforms) = preSolution
		Debug|Any CPU = Debug|Any CPU
		Release|Any CPU = Release|Any CPU
	EndGlobalSection
	GlobalSection(ProjectConfigurationPlatforms) = postSolution
		{93C73459-8C0E-4FD3-9672-78EA51D5F378}.Debug|Any CPU.ActiveCfg = Debug|Any CPU
		{93C73459-8C0E-4FD3-9672-78EA51D5F378}.Debug|Any CPU.Build.0 = Debug|Any CPU
		{93C73459-8C0E-4FD3-9672-78EA51D5F378}.Release|Any CPU.ActiveCfg = Release|Any CPU
		{93C73459-8C0E-4FD3-9672-78EA51D5F378}.Release|Any CPU.Build.0 = Release|Any CPU
	EndGlobalSection
	GlobalSection(SolutionProperties) = preSolution
		HideSolutionNode = FALSE
	EndGlobalSection
	GlobalSection(ExtensibilityGlobals) = postSolution
		SolutionGuid = {1687043D-BA60-47C4-857C-CF2638911C97}
	EndGlobalSection
EndGlobal
