
Microsoft Visual Studio Solution File, Format Version 12.00
# Visual Studio Version 16
VisualStudioVersion = 16.0.34114.132
MinimumVisualStudioVersion = 10.0.40219.1
Project("{FAE04EC0-301F-11D3-BF4B-00C04F79EFBC}") = "OSK5", "OSK5\OSK5.csproj", "{2D1CFFD2-99BD-4867-A68A-574732D73FD0}"
EndProject
Global
	GlobalSection(SolutionConfigurationPlatforms) = preSolution
		Debug|Any CPU = Debug|Any CPU
		Release|Any CPU = Release|Any CPU
	EndGlobalSection
	GlobalSection(ProjectConfigurationPlatforms) = postSolution
		{2D1CFFD2-99BD-4867-A68A-574732D73FD0}.Debug|Any CPU.ActiveCfg = Debug|Any CPU
		{2D1CFFD2-99BD-4867-A68A-574732D73FD0}.Debug|Any CPU.Build.0 = Debug|Any CPU
		{2D1CFFD2-99BD-4867-A68A-574732D73FD0}.Release|Any CPU.ActiveCfg = Release|Any CPU
		{2D1CFFD2-99BD-4867-A68A-574732D73FD0}.Release|Any CPU.Build.0 = Release|Any CPU
	EndGlobalSection
	GlobalSection(SolutionProperties) = preSolution
		HideSolutionNode = FALSE
	EndGlobalSection
	GlobalSection(ExtensibilityGlobals) = postSolution
		SolutionGuid = {FB305735-E58D-4440-B0C2-F943209A6AED}
	EndGlobalSection
EndGlobal
