
Microsoft Visual Studio Solution File, Format Version 12.00
# Visual Studio Version 16
VisualStudioVersion = 16.0.34114.132
MinimumVisualStudioVersion = 10.0.40219.1
Project("{FAE04EC0-301F-11D3-BF4B-00C04F79EFBC}") = "Test kierowcy", "Test kierowcy\Test kierowcy.csproj", "{2747B3D6-4029-4D32-B6DF-18A2FDF3C72F}"
EndProject
Global
	GlobalSection(SolutionConfigurationPlatforms) = preSolution
		Debug|Any CPU = Debug|Any CPU
		Release|Any CPU = Release|Any CPU
	EndGlobalSection
	GlobalSection(ProjectConfigurationPlatforms) = postSolution
		{2747B3D6-4029-4D32-B6DF-18A2FDF3C72F}.Debug|Any CPU.ActiveCfg = Debug|Any CPU
		{2747B3D6-4029-4D32-B6DF-18A2FDF3C72F}.Debug|Any CPU.Build.0 = Debug|Any CPU
		{2747B3D6-4029-4D32-B6DF-18A2FDF3C72F}.Release|Any CPU.ActiveCfg = Release|Any CPU
		{2747B3D6-4029-4D32-B6DF-18A2FDF3C72F}.Release|Any CPU.Build.0 = Release|Any CPU
	EndGlobalSection
	GlobalSection(SolutionProperties) = preSolution
		HideSolutionNode = FALSE
	EndGlobalSection
	GlobalSection(ExtensibilityGlobals) = postSolution
		SolutionGuid = {5CE34B67-5093-436C-A3BD-130E6F6121A1}
	EndGlobalSection
EndGlobal
