
Microsoft Visual Studio Solution File, Format Version 12.00
# Visual Studio Version 16
VisualStudioVersion = 16.0.34114.132
MinimumVisualStudioVersion = 10.0.40219.1
Project("{FAE04EC0-301F-11D3-BF4B-00C04F79EFBC}") = "OSK4", "OSK4\OSK4.csproj", "{8B9ED8C8-5148-4939-AE50-CA49431C2EEE}"
EndProject
Global
	GlobalSection(SolutionConfigurationPlatforms) = preSolution
		Debug|Any CPU = Debug|Any CPU
		Release|Any CPU = Release|Any CPU
	EndGlobalSection
	GlobalSection(ProjectConfigurationPlatforms) = postSolution
		{8B9ED8C8-5148-4939-AE50-CA49431C2EEE}.Debug|Any CPU.ActiveCfg = Debug|Any CPU
		{8B9ED8C8-5148-4939-AE50-CA49431C2EEE}.Debug|Any CPU.Build.0 = Debug|Any CPU
		{8B9ED8C8-5148-4939-AE50-CA49431C2EEE}.Release|Any CPU.ActiveCfg = Release|Any CPU
		{8B9ED8C8-5148-4939-AE50-CA49431C2EEE}.Release|Any CPU.Build.0 = Release|Any CPU
	EndGlobalSection
	GlobalSection(SolutionProperties) = preSolution
		HideSolutionNode = FALSE
	EndGlobalSection
	GlobalSection(ExtensibilityGlobals) = postSolution
		SolutionGuid = {A26862FC-E948-48D2-AE80-2F7D140B8703}
	EndGlobalSection
EndGlobal
